
Microsoft Visual Studio Solution File, Format Version 12.00
# Visual Studio 15
VisualStudioVersion = 15.0.27004.2008
MinimumVisualStudioVersion = 10.0.40219.1
Project("{9A19103F-16F7-4668-BE54-9A1E7A4F7556}") = "Zonkey.Data", "src\Zonkey.Data\Zonkey.Data.csproj", "{47B046C4-9646-4395-936B-7E35E713C8D0}"
EndProject
Project("{9A19103F-16F7-4668-BE54-9A1E7A4F7556}") = "Zonkey.Text", "src\Zonkey.Text\Zonkey.Text.csproj", "{AAA62E02-58FB-4102-BECD-3B9A1E4235F2}"
EndProject
Project("{9A19103F-16F7-4668-BE54-9A1E7A4F7556}") = "UnitTests", "test\UnitTests.Core\UnitTests.csproj", "{A665A288-B7DD-4D5B-B13C-72115CDC5A88}"
EndProject
Project("{FAE04EC0-301F-11D3-BF4B-00C04F79EFBC}") = "UnitTests.Fx", "test\UnitTests.NetFx\UnitTests.Fx.csproj", "{73488E8D-30CC-46CD-B84C-F968C806710A}"
EndProject
Project("{D954291E-2A0B-460D-934E-DC6B0785DB48}") = "UnitTests.Shared", "test\UnitTests.Shared\UnitTests.Shared.shproj", "{0DFC182D-C8E5-4148-8736-12704C92AACB}"
EndProject
Project("{FAE04EC0-301F-11D3-BF4B-00C04F79EFBC}") = "Zonkey.Mocks.Fx", "src\Zonkey.Mocks.Fx\Zonkey.Mocks.Fx.csproj", "{11888345-7593-4F05-A441-665248EC1252}"
EndProject
Project("{FAE04EC0-301F-11D3-BF4B-00C04F79EFBC}") = "Zonkey.Data.Fx", "src\Zonkey.Data.Fx\Zonkey.Data.Fx.csproj", "{4218522F-AED2-4289-97F6-09830DD6A770}"
EndProject
Project("{FAE04EC0-301F-11D3-BF4B-00C04F79EFBC}") = "Zonkey.Text.Fx", "src\Zonkey.Text.Fx\Zonkey.Text.Fx.csproj", "{F075F3E2-0374-4AB2-BF4B-6963B5E84B4C}"
EndProject
Project("{FAE04EC0-301F-11D3-BF4B-00C04F79EFBC}") = "Zonkey.Droid", "src\Zonkey.Droid\Zonkey.Droid.csproj", "{450C5ED4-15E8-4A18-A5A4-26697D94DA56}"
EndProject
Global
	GlobalSection(SharedMSBuildProjectFiles) = preSolution
		test\UnitTests.Shared\UnitTests.Shared.projitems*{0dfc182d-c8e5-4148-8736-12704c92aacb}*SharedItemsImports = 13
		test\UnitTests.Shared\UnitTests.Shared.projitems*{73488e8d-30cc-46cd-b84c-f968c806710a}*SharedItemsImports = 4
	EndGlobalSection
	GlobalSection(SolutionConfigurationPlatforms) = preSolution
		Debug|Any CPU = Debug|Any CPU
		Release|Any CPU = Release|Any CPU
	EndGlobalSection
	GlobalSection(ProjectConfigurationPlatforms) = postSolution
		{47B046C4-9646-4395-936B-7E35E713C8D0}.Debug|Any CPU.ActiveCfg = Debug|Any CPU
		{47B046C4-9646-4395-936B-7E35E713C8D0}.Debug|Any CPU.Build.0 = Debug|Any CPU
		{47B046C4-9646-4395-936B-7E35E713C8D0}.Release|Any CPU.ActiveCfg = Release|Any CPU
		{47B046C4-9646-4395-936B-7E35E713C8D0}.Release|Any CPU.Build.0 = Release|Any CPU
		{AAA62E02-58FB-4102-BECD-3B9A1E4235F2}.Debug|Any CPU.ActiveCfg = Debug|Any CPU
		{AAA62E02-58FB-4102-BECD-3B9A1E4235F2}.Debug|Any CPU.Build.0 = Debug|Any CPU
		{AAA62E02-58FB-4102-BECD-3B9A1E4235F2}.Release|Any CPU.ActiveCfg = Release|Any CPU
		{AAA62E02-58FB-4102-BECD-3B9A1E4235F2}.Release|Any CPU.Build.0 = Release|Any CPU
		{A665A288-B7DD-4D5B-B13C-72115CDC5A88}.Debug|Any CPU.ActiveCfg = Debug|Any CPU
		{A665A288-B7DD-4D5B-B13C-72115CDC5A88}.Debug|Any CPU.Build.0 = Debug|Any CPU
		{A665A288-B7DD-4D5B-B13C-72115CDC5A88}.Release|Any CPU.ActiveCfg = Release|Any CPU
		{A665A288-B7DD-4D5B-B13C-72115CDC5A88}.Release|Any CPU.Build.0 = Release|Any CPU
		{73488E8D-30CC-46CD-B84C-F968C806710A}.Debug|Any CPU.ActiveCfg = Debug|Any CPU
		{73488E8D-30CC-46CD-B84C-F968C806710A}.Debug|Any CPU.Build.0 = Debug|Any CPU
		{73488E8D-30CC-46CD-B84C-F968C806710A}.Release|Any CPU.ActiveCfg = Release|Any CPU
		{73488E8D-30CC-46CD-B84C-F968C806710A}.Release|Any CPU.Build.0 = Release|Any CPU
		{11888345-7593-4F05-A441-665248EC1252}.Debug|Any CPU.ActiveCfg = Debug|Any CPU
		{11888345-7593-4F05-A441-665248EC1252}.Debug|Any CPU.Build.0 = Debug|Any CPU
		{11888345-7593-4F05-A441-665248EC1252}.Release|Any CPU.ActiveCfg = Release|Any CPU
		{11888345-7593-4F05-A441-665248EC1252}.Release|Any CPU.Build.0 = Release|Any CPU
		{4218522F-AED2-4289-97F6-09830DD6A770}.Debug|Any CPU.ActiveCfg = Debug|Any CPU
		{4218522F-AED2-4289-97F6-09830DD6A770}.Debug|Any CPU.Build.0 = Debug|Any CPU
		{4218522F-AED2-4289-97F6-09830DD6A770}.Release|Any CPU.ActiveCfg = Release|Any CPU
		{4218522F-AED2-4289-97F6-09830DD6A770}.Release|Any CPU.Build.0 = Release|Any CPU
		{F075F3E2-0374-4AB2-BF4B-6963B5E84B4C}.Debug|Any CPU.ActiveCfg = Debug|Any CPU
		{F075F3E2-0374-4AB2-BF4B-6963B5E84B4C}.Debug|Any CPU.Build.0 = Debug|Any CPU
		{F075F3E2-0374-4AB2-BF4B-6963B5E84B4C}.Release|Any CPU.ActiveCfg = Release|Any CPU
		{F075F3E2-0374-4AB2-BF4B-6963B5E84B4C}.Release|Any CPU.Build.0 = Release|Any CPU
		{450C5ED4-15E8-4A18-A5A4-26697D94DA56}.Debug|Any CPU.ActiveCfg = Debug|Any CPU
		{450C5ED4-15E8-4A18-A5A4-26697D94DA56}.Debug|Any CPU.Build.0 = Debug|Any CPU
		{450C5ED4-15E8-4A18-A5A4-26697D94DA56}.Release|Any CPU.ActiveCfg = Release|Any CPU
		{450C5ED4-15E8-4A18-A5A4-26697D94DA56}.Release|Any CPU.Build.0 = Release|Any CPU
	EndGlobalSection
	GlobalSection(SolutionProperties) = preSolution
		HideSolutionNode = FALSE
	EndGlobalSection
	GlobalSection(ExtensibilityGlobals) = postSolution
		SolutionGuid = {CC283873-2446-45F4-9761-4CAE0E8D5FA4}
	EndGlobalSection
EndGlobal
