
Microsoft Visual Studio Solution File, Format Version 12.00
# Visual Studio Version 17
VisualStudioVersion = 17.0.32014.148
MinimumVisualStudioVersion = 10.0.40219.1
Project("{9A19103F-16F7-4668-BE54-9A1E7A4F7556}") = "Zonkey.Data", "src\Zonkey.Data\Zonkey.Data.csproj", "{47B046C4-9646-4395-936B-7E35E713C8D0}"
EndProject
Project("{9A19103F-16F7-4668-BE54-9A1E7A4F7556}") = "Zonkey.Text", "src\Zonkey.Text\Zonkey.Text.csproj", "{AAA62E02-58FB-4102-BECD-3B9A1E4235F2}"
EndProject
Project("{9A19103F-16F7-4668-BE54-9A1E7A4F7556}") = "UnitTests", "test\UnitTests.Core\UnitTests.csproj", "{A665A288-B7DD-4D5B-B13C-72115CDC5A88}"
EndProject
Project("{9A19103F-16F7-4668-BE54-9A1E7A4F7556}") = "Zonkey.Data.MsSql", "src\Zonkey.Data.MsSql\Zonkey.Data.MsSql.csproj", "{F6FD14BF-68D5-47D3-AAF7-74F03ECCCD07}"
EndProject
Project("{FAE04EC0-301F-11D3-BF4B-00C04F79EFBC}") = "Zonkey.Mocks", "src\Zonkey.Mocks\Zonkey.Mocks.csproj", "{91B0115F-FF8C-4096-81A6-6542A3C625FF}"
EndProject
Global
	GlobalSection(SolutionConfigurationPlatforms) = preSolution
		Debug|Any CPU = Debug|Any CPU
		Release|Any CPU = Release|Any CPU
	EndGlobalSection
	GlobalSection(ProjectConfigurationPlatforms) = postSolution
		{47B046C4-9646-4395-936B-7E35E713C8D0}.Debug|Any CPU.ActiveCfg = Debug|Any CPU
		{47B046C4-9646-4395-936B-7E35E713C8D0}.Debug|Any CPU.Build.0 = Debug|Any CPU
		{47B046C4-9646-4395-936B-7E35E713C8D0}.Release|Any CPU.ActiveCfg = Release|Any CPU
		{47B046C4-9646-4395-936B-7E35E713C8D0}.Release|Any CPU.Build.0 = Release|Any CPU
		{AAA62E02-58FB-4102-BECD-3B9A1E4235F2}.Debug|Any CPU.ActiveCfg = Debug|Any CPU
		{AAA62E02-58FB-4102-BECD-3B9A1E4235F2}.Debug|Any CPU.Build.0 = Debug|Any CPU
		{AAA62E02-58FB-4102-BECD-3B9A1E4235F2}.Release|Any CPU.ActiveCfg = Release|Any CPU
		{AAA62E02-58FB-4102-BECD-3B9A1E4235F2}.Release|Any CPU.Build.0 = Release|Any CPU
		{A665A288-B7DD-4D5B-B13C-72115CDC5A88}.Debug|Any CPU.ActiveCfg = Debug|Any CPU
		{A665A288-B7DD-4D5B-B13C-72115CDC5A88}.Debug|Any CPU.Build.0 = Debug|Any CPU
		{A665A288-B7DD-4D5B-B13C-72115CDC5A88}.Release|Any CPU.ActiveCfg = Release|Any CPU
		{A665A288-B7DD-4D5B-B13C-72115CDC5A88}.Release|Any CPU.Build.0 = Release|Any CPU
		{F6FD14BF-68D5-47D3-AAF7-74F03ECCCD07}.Debug|Any CPU.ActiveCfg = Debug|Any CPU
		{F6FD14BF-68D5-47D3-AAF7-74F03ECCCD07}.Debug|Any CPU.Build.0 = Debug|Any CPU
		{F6FD14BF-68D5-47D3-AAF7-74F03ECCCD07}.Release|Any CPU.ActiveCfg = Release|Any CPU
		{F6FD14BF-68D5-47D3-AAF7-74F03ECCCD07}.Release|Any CPU.Build.0 = Release|Any CPU
		{91B0115F-FF8C-4096-81A6-6542A3C625FF}.Debug|Any CPU.ActiveCfg = Debug|Any CPU
		{91B0115F-FF8C-4096-81A6-6542A3C625FF}.Debug|Any CPU.Build.0 = Debug|Any CPU
		{91B0115F-FF8C-4096-81A6-6542A3C625FF}.Release|Any CPU.ActiveCfg = Release|Any CPU
		{91B0115F-FF8C-4096-81A6-6542A3C625FF}.Release|Any CPU.Build.0 = Release|Any CPU
	EndGlobalSection
	GlobalSection(SolutionProperties) = preSolution
		HideSolutionNode = FALSE
	EndGlobalSection
	GlobalSection(ExtensibilityGlobals) = postSolution
		SolutionGuid = {CC283873-2446-45F4-9761-4CAE0E8D5FA4}
	EndGlobalSection
EndGlobal
